
Microsoft Visual Studio Solution File, Format Version 12.00
# Visual Studio Version 17
VisualStudioVersion = 17.5.33530.505
MinimumVisualStudioVersion = 10.0.40219.1
Project("{F184B08F-C81C-45F6-A57F-5ABD9991F28F}") = "InformatikSpiel", "InformatikSpiel.vbproj", "{B887C77F-386D-43EA-99F4-093795D457FD}"
EndProject
Global
	GlobalSection(SolutionConfigurationPlatforms) = preSolution
		Debug|Any CPU = Debug|Any CPU
		Release|Any CPU = Release|Any CPU
	EndGlobalSection
	GlobalSection(ProjectConfigurationPlatforms) = postSolution
		{B887C77F-386D-43EA-99F4-093795D457FD}.Debug|Any CPU.ActiveCfg = Debug|Any CPU
		{B887C77F-386D-43EA-99F4-093795D457FD}.Debug|Any CPU.Build.0 = Debug|Any CPU
		{B887C77F-386D-43EA-99F4-093795D457FD}.Release|Any CPU.ActiveCfg = Release|Any CPU
		{B887C77F-386D-43EA-99F4-093795D457FD}.Release|Any CPU.Build.0 = Release|Any CPU
	EndGlobalSection
	GlobalSection(SolutionProperties) = preSolution
		HideSolutionNode = FALSE
	EndGlobalSection
	GlobalSection(ExtensibilityGlobals) = postSolution
		SolutionGuid = {694616A7-41FF-4F6D-95BD-33E28D6D05F3}
	EndGlobalSection
EndGlobal
